{
  "object": {
    "pins": [
      {
        "package": "async-kit",
        "repositoryURL": "https://github.com/vapor/async-kit.git",
        "state": {
          "branch": null,
          "revision": "2a198346c4403d6c120a5fe43b70101800c878ff",
          "version": "1.6.0"
        }
      },
      {
        "package": "BSON",
        "repositoryURL": "https://github.com/OpenKitten/BSON.git",
        "state": {
          "branch": null,
          "revision": "98a2c90988895f1b985ed0066180995df995924c",
          "version": "7.0.28"
        }
      },
      {
        "package": "console-kit",
        "repositoryURL": "https://github.com/vapor/console-kit.git",
        "state": {
          "branch": null,
          "revision": "75ea3b627d88221440b878e5dfccc73fd06842ed",
          "version": "4.2.7"
        }
      },
      {
        "package": "CypherTextKit",
        "repositoryURL": "git@github.com:Orlandos-nl/cyphertextkit.git",
        "state": {
          "branch": "feature/async-await",
          "revision": "9f2e626136acf06cbd54dbee34cd1bf134f6156e",
          "version": null
        }
      },
      {
        "package": "Dribble",
        "repositoryURL": "git@github.com:orlandos-nl/Dribble.git",
        "state": {
          "branch": "main",
          "revision": "41cc48ec91456e9f39fa9be061d423af40568bbb",
          "version": null
        }
      },
      {
        "package": "fluent-kit",
        "repositoryURL": "https://github.com/vapor/fluent-kit.git",
        "state": {
          "branch": null,
          "revision": "7d9982a788dc0bbc80937537a0e2b0a42d282202",
          "version": "1.15.1"
        }
      },
      {
        "package": "fluent-sqlite-driver",
        "repositoryURL": "https://github.com/vapor/fluent-sqlite.git",
        "state": {
          "branch": null,
          "revision": "9ca34be792979fb0f1dbd8e45b8af9f1e1440474",
          "version": "4.1.0"
        }
      },
      {
        "package": "jwt-kit",
        "repositoryURL": "https://github.com/vapor/jwt-kit.git",
        "state": {
          "branch": null,
          "revision": "7a9a04df93e71de10fa2e8d6e9430dd0a7924643",
          "version": "4.2.4"
        }
      },
      {
        "package": "KeychainStored",
        "repositoryURL": "https://github.com/joannis/KeychainStored.git",
        "state": {
          "branch": null,
          "revision": "3f43efaa85d981f3819c9bca6a4f488d9cb534e9",
          "version": "1.0.0"
        }
      },
      {
        "package": "sql-kit",
        "repositoryURL": "https://github.com/vapor/sql-kit.git",
        "state": {
          "branch": null,
          "revision": "b70d1fea1b544dd819c17e83d59fb9aa85c81e74",
          "version": "3.10.0"
        }
      },
      {
        "package": "sqlite-kit",
        "repositoryURL": "https://github.com/vapor/sqlite-kit.git",
        "state": {
          "branch": null,
          "revision": "2ec279b9c845cec254646834b66338551a024561",
          "version": "4.0.2"
        }
      },
      {
        "package": "sqlite-nio",
        "repositoryURL": "https://github.com/vapor/sqlite-nio.git",
        "state": {
          "branch": null,
          "revision": "6481dd0b01112d082dd7eb362782126e81964138",
          "version": "1.1.0"
        }
      },
      {
        "package": "swift-crypto",
        "repositoryURL": "https://github.com/apple/swift-crypto.git",
        "state": {
          "branch": null,
          "revision": "3bea268b223651c4ab7b7b9ad62ef9b2d4143eb6",
          "version": "1.1.6"
        }
      },
      {
        "package": "swift-log",
        "repositoryURL": "https://github.com/apple/swift-log.git",
        "state": {
          "branch": null,
          "revision": "5d66f7ba25daf4f94100e7022febf3c75e37a6c7",
          "version": "1.4.2"
        }
      },
      {
        "package": "swift-nio",
        "repositoryURL": "https://github.com/apple/swift-nio.git",
        "state": {
          "branch": null,
          "revision": "fb48bdd8279799f655da5f8b4e0a21430eca6012",
          "version": "2.32.3"
        }
      },
      {
        "package": "swift-nio-ssl",
        "repositoryURL": "https://github.com/apple/swift-nio-ssl.git",
        "state": {
          "branch": null,
          "revision": "77a3bf17884d2c87ba400f4d93b9a6f27b078651",
          "version": "2.15.1"
        }
      },
      {
        "package": "Router",
        "repositoryURL": "https://github.com/joannis/swiftui-router.git",
        "state": {
          "branch": "jo-detail-router",
          "revision": "523af52c684ce4daf4f8f4cab8172f6453155c24",
          "version": null
        }
      },
      {
        "package": "WebRTC",
        "repositoryURL": "https://github.com/alexpiezo/WebRTC.git",
        "state": {
          "branch": null,
          "revision": "e28510fe584888242aeddbe261700a83ad87e2b6",
          "version": "92.4515.0"
        }
      },
      {
        "package": "websocket-kit",
        "repositoryURL": "https://github.com/vapor/websocket-kit.git",
        "state": {
          "branch": null,
          "revision": "b1c4df8f6c848c2e977726903bbe6578eed723ad",
          "version": "2.2.0"
        }
      }
    ]
  },
  "version": 1
}
