// !$*UTF8*$!
{
	archiveVersion = 1;
	classes = {
	};
	objectVersion = 52;
	objects = {

/* Begin PBXBuildFile section */
		24009D5D268753CE0071107E /* AttachmentButton.swift in Sources */ = {isa = PBXBuildFile; fileRef = 24009D5C268753CE0071107E /* AttachmentButton.swift */; };
		24009D5E268754400071107E /* AttachmentButton.swift in Sources */ = {isa = PBXBuildFile; fileRef = 24009D5C268753CE0071107E /* AttachmentButton.swift */; };
		2443C9D0262C71960069680D /* ChatsView.swift in Sources */ = {isa = PBXBuildFile; fileRef = 2443C9CF262C71960069680D /* ChatsView.swift */; };
		2443C9D3262C719A0069680D /* SettingsView.swift in Sources */ = {isa = PBXBuildFile; fileRef = 2443C9D2262C719A0069680D /* SettingsView.swift */; };
		2443C9D6262C73020069680D /* ChatTabView.swift in Sources */ = {isa = PBXBuildFile; fileRef = 2443C9D5262C73020069680D /* ChatTabView.swift */; };
		2443C9DF262C8B000069680D /* ContactRow.swift in Sources */ = {isa = PBXBuildFile; fileRef = 2443C9DE262C8B000069680D /* ContactRow.swift */; };
		2443C9E3262C8B780069680D /* PrivateChatView.swift in Sources */ = {isa = PBXBuildFile; fileRef = 2443C9E2262C8B780069680D /* PrivateChatView.swift */; };
		2443C9EE262D709A0069680D /* ChatRow.swift in Sources */ = {isa = PBXBuildFile; fileRef = 2443C9ED262D709A0069680D /* ChatRow.swift */; };
		2443C9F1262D721A0069680D /* Text+Date.swift in Sources */ = {isa = PBXBuildFile; fileRef = 2443C9F0262D721A0069680D /* Text+Date.swift */; };
		2443C9F5262D76C10069680D /* MessageCell.swift in Sources */ = {isa = PBXBuildFile; fileRef = 2443C9F4262D76C10069680D /* MessageCell.swift */; };
		2443C9F8262D7C500069680D /* ExpandingTextView.swift in Sources */ = {isa = PBXBuildFile; fileRef = 2443C9F7262D7C500069680D /* ExpandingTextView.swift */; };
		244576DF26737264006B8E56 /* SwiftUIX in Frameworks */ = {isa = PBXBuildFile; productRef = 244576DE26737264006B8E56 /* SwiftUIX */; };
		247672DB26EC1C6A00274AC5 /* CypherMessaging in Frameworks */ = {isa = PBXBuildFile; productRef = 247672DA26EC1C6A00274AC5 /* CypherMessaging */; };
		247672DD26EC1C6A00274AC5 /* MessagingHelpers in Frameworks */ = {isa = PBXBuildFile; productRef = 247672DC26EC1C6A00274AC5 /* MessagingHelpers */; };
		247672DF26ECECB800274AC5 /* CypherMessaging in Frameworks */ = {isa = PBXBuildFile; productRef = 247672DE26ECECB800274AC5 /* CypherMessaging */; };
		247672E126ECECB800274AC5 /* MessagingHelpers in Frameworks */ = {isa = PBXBuildFile; productRef = 247672E026ECECB800274AC5 /* MessagingHelpers */; };
		247B11502678C67D00F75EE3 /* AudioPlayer.swift in Sources */ = {isa = PBXBuildFile; fileRef = 247B114F2678C67D00F75EE3 /* AudioPlayer.swift */; };
		247B11522678C69F00F75EE3 /* PlayAudioView.swift in Sources */ = {isa = PBXBuildFile; fileRef = 247B11512678C69F00F75EE3 /* PlayAudioView.swift */; };
		24838A0426778BC5002CC4FC /* AppDelegate.swift in Sources */ = {isa = PBXBuildFile; fileRef = 24838A0326778BC5002CC4FC /* AppDelegate.swift */; };
		24838A062678AA25002CC4FC /* ShareAttachmentSheet.swift in Sources */ = {isa = PBXBuildFile; fileRef = 24838A052678AA25002CC4FC /* ShareAttachmentSheet.swift */; };
		24838A092678AAC8002CC4FC /* PinnedChatsPlugin.swift in Sources */ = {isa = PBXBuildFile; fileRef = 24838A082678AAC8002CC4FC /* PinnedChatsPlugin.swift */; };
		24838A0B2678B9B1002CC4FC /* VoiceRecorder.swift in Sources */ = {isa = PBXBuildFile; fileRef = 24838A0A2678B9B1002CC4FC /* VoiceRecorder.swift */; };
		24838A0D2678BDA4002CC4FC /* AutoSignal.swift in Sources */ = {isa = PBXBuildFile; fileRef = 24838A0C2678BDA4002CC4FC /* AutoSignal.swift */; };
		24838A0F2678BF83002CC4FC /* AudioSender.swift in Sources */ = {isa = PBXBuildFile; fileRef = 24838A0E2678BF83002CC4FC /* AudioSender.swift */; };
		248480C9267C9EF8008A88AF /* ChatBar.swift in Sources */ = {isa = PBXBuildFile; fileRef = 248480C8267C9EF8008A88AF /* ChatBar.swift */; };
		248480CB267E1F8D008A88AF /* ImageViewer.swift in Sources */ = {isa = PBXBuildFile; fileRef = 248480CA267E1F8D008A88AF /* ImageViewer.swift */; };
		2484818C2680AB49008A88AF /* macOSApp.swift in Sources */ = {isa = PBXBuildFile; fileRef = 2484818B2680AB49008A88AF /* macOSApp.swift */; };
		2484818E2680AB49008A88AF /* AppView.swift in Sources */ = {isa = PBXBuildFile; fileRef = 2484818D2680AB49008A88AF /* AppView.swift */; };
		248481902680AB4A008A88AF /* Assets.xcassets in Resources */ = {isa = PBXBuildFile; fileRef = 2484818F2680AB4A008A88AF /* Assets.xcassets */; };
		248481932680AB4A008A88AF /* Preview Assets.xcassets in Resources */ = {isa = PBXBuildFile; fileRef = 248481922680AB4A008A88AF /* Preview Assets.xcassets */; };
		248481A42680AB91008A88AF /* SwiftUIX in Frameworks */ = {isa = PBXBuildFile; productRef = 248481A32680AB91008A88AF /* SwiftUIX */; };
		248481A62680ABA9008A88AF /* FluentSQLiteDriver in Frameworks */ = {isa = PBXBuildFile; productRef = 248481A52680ABA9008A88AF /* FluentSQLiteDriver */; };
		248481A82680AC3C008A88AF /* AutoSignal.swift in Sources */ = {isa = PBXBuildFile; fileRef = 24838A0C2678BDA4002CC4FC /* AutoSignal.swift */; };
		248481A92680AC3C008A88AF /* PinnedChatsPlugin.swift in Sources */ = {isa = PBXBuildFile; fileRef = 24838A082678AAC8002CC4FC /* PinnedChatsPlugin.swift */; };
		248481AA2680AC3C008A88AF /* VoiceRecorder.swift in Sources */ = {isa = PBXBuildFile; fileRef = 24838A0A2678B9B1002CC4FC /* VoiceRecorder.swift */; };
		248481AB2680AC3C008A88AF /* ChatBar.swift in Sources */ = {isa = PBXBuildFile; fileRef = 248480C8267C9EF8008A88AF /* ChatBar.swift */; };
		248481AC2680AC3C008A88AF /* ProfileImage.swift in Sources */ = {isa = PBXBuildFile; fileRef = 24AE7A9B26775D52005C96EC /* ProfileImage.swift */; };
		248481AD2680AC3C008A88AF /* AsyncView.swift in Sources */ = {isa = PBXBuildFile; fileRef = 24A43F27262324B0000A0399 /* AsyncView.swift */; };
		248481AE2680AC3C008A88AF /* MessageCell.swift in Sources */ = {isa = PBXBuildFile; fileRef = 2443C9F4262D76C10069680D /* MessageCell.swift */; };
		248481AF2680AC3C008A88AF /* Text+Date.swift in Sources */ = {isa = PBXBuildFile; fileRef = 2443C9F0262D721A0069680D /* Text+Date.swift */; };
		248481B02680AC3C008A88AF /* SQLiteStore.swift in Sources */ = {isa = PBXBuildFile; fileRef = 24A43EFC2622E75A000A0399 /* SQLiteStore.swift */; };
		248481B22680AC55008A88AF /* KeychainStored in Frameworks */ = {isa = PBXBuildFile; productRef = 248481B12680AC55008A88AF /* KeychainStored */; };
		248481B72680ACA8008A88AF /* Constants.swift in Sources */ = {isa = PBXBuildFile; fileRef = 248481B62680ACA8008A88AF /* Constants.swift */; };
		248481B82680ACA8008A88AF /* Constants.swift in Sources */ = {isa = PBXBuildFile; fileRef = 248481B62680ACA8008A88AF /* Constants.swift */; };
		248481BA2680ADBB008A88AF /* ChatTabView.swift in Sources */ = {isa = PBXBuildFile; fileRef = 2443C9D5262C73020069680D /* ChatTabView.swift */; };
		248481BD2680AE0D008A88AF /* ContactsView.swift in Sources */ = {isa = PBXBuildFile; fileRef = 248481BB2680AE0D008A88AF /* ContactsView.swift */; };
		248481BF2680AE28008A88AF /* SharedHelpers.swift in Sources */ = {isa = PBXBuildFile; fileRef = 248481BE2680AE28008A88AF /* SharedHelpers.swift */; };
		248481C02680AE28008A88AF /* SharedHelpers.swift in Sources */ = {isa = PBXBuildFile; fileRef = 248481BE2680AE28008A88AF /* SharedHelpers.swift */; };
		248481C32680AE49008A88AF /* SetupView.swift in Sources */ = {isa = PBXBuildFile; fileRef = 248481C12680AE49008A88AF /* SetupView.swift */; };
		248481C52680AFA8008A88AF /* TypingIndicator.swift in Sources */ = {isa = PBXBuildFile; fileRef = 248481C42680AFA8008A88AF /* TypingIndicator.swift */; };
		248481C62680AFA8008A88AF /* TypingIndicator.swift in Sources */ = {isa = PBXBuildFile; fileRef = 248481C42680AFA8008A88AF /* TypingIndicator.swift */; };
		248481C82680B009008A88AF /* Buttons.swift in Sources */ = {isa = PBXBuildFile; fileRef = 248481C72680B009008A88AF /* Buttons.swift */; };
		248481C92680B009008A88AF /* Buttons.swift in Sources */ = {isa = PBXBuildFile; fileRef = 248481C72680B009008A88AF /* Buttons.swift */; };
		248481CA2680B12B008A88AF /* AudioPlayer.swift in Sources */ = {isa = PBXBuildFile; fileRef = 247B114F2678C67D00F75EE3 /* AudioPlayer.swift */; };
		248481CD2680B14F008A88AF /* ContactRow.swift in Sources */ = {isa = PBXBuildFile; fileRef = 248481CB2680B14F008A88AF /* ContactRow.swift */; };
		248481CE2680B263008A88AF /* PlayAudioView.swift in Sources */ = {isa = PBXBuildFile; fileRef = 247B11512678C69F00F75EE3 /* PlayAudioView.swift */; };
		248481CF2680B302008A88AF /* PrivateChatView.swift in Sources */ = {isa = PBXBuildFile; fileRef = 2443C9E2262C8B780069680D /* PrivateChatView.swift */; };
		248481D62680B81B008A88AF /* QRGenerator.swift in Sources */ = {isa = PBXBuildFile; fileRef = 248481D42680B81B008A88AF /* QRGenerator.swift */; };
		248481D92680B825008A88AF /* QRCode.swift in Sources */ = {isa = PBXBuildFile; fileRef = 248481D72680B825008A88AF /* QRCode.swift */; };
		248481DC2680B838008A88AF /* QRHelpers.swift in Sources */ = {isa = PBXBuildFile; fileRef = 248481DA2680B838008A88AF /* QRHelpers.swift */; };
		248481E12680BD27008A88AF /* CodeScannerView.swift in Sources */ = {isa = PBXBuildFile; fileRef = 248481E02680BD27008A88AF /* CodeScannerView.swift */; };
		24951F292699A4BA00AC55B1 /* WebRTC in Frameworks */ = {isa = PBXBuildFile; productRef = 24951F282699A4BA00AC55B1 /* WebRTC */; };
		24951F2B2699A4C900AC55B1 /* WebRTC in Frameworks */ = {isa = PBXBuildFile; productRef = 24951F2A2699A4C900AC55B1 /* WebRTC */; };
		24951F2D2699A56900AC55B1 /* WebRTC.swift in Sources */ = {isa = PBXBuildFile; fileRef = 24951F2C2699A56900AC55B1 /* WebRTC.swift */; };
		24951F2E2699A56900AC55B1 /* WebRTC.swift in Sources */ = {isa = PBXBuildFile; fileRef = 24951F2C2699A56900AC55B1 /* WebRTC.swift */; };
		24951F312699A75E00AC55B1 /* Logging in Frameworks */ = {isa = PBXBuildFile; productRef = 24951F302699A75E00AC55B1 /* Logging */; };
		24951F332699A8AA00AC55B1 /* Call.swift in Sources */ = {isa = PBXBuildFile; fileRef = 24951F322699A8AA00AC55B1 /* Call.swift */; };
		24951F342699A8AA00AC55B1 /* Call.swift in Sources */ = {isa = PBXBuildFile; fileRef = 24951F322699A8AA00AC55B1 /* Call.swift */; };
		24A43ED92622614F000A0399 /* WorkspacesApp.swift in Sources */ = {isa = PBXBuildFile; fileRef = 24A43ED82622614F000A0399 /* WorkspacesApp.swift */; };
		24A43EDB2622614F000A0399 /* AppView.swift in Sources */ = {isa = PBXBuildFile; fileRef = 24A43EDA2622614F000A0399 /* AppView.swift */; };
		24A43EDD26226151000A0399 /* Assets.xcassets in Resources */ = {isa = PBXBuildFile; fileRef = 24A43EDC26226151000A0399 /* Assets.xcassets */; };
		24A43EE026226151000A0399 /* Preview Assets.xcassets in Resources */ = {isa = PBXBuildFile; fileRef = 24A43EDF26226151000A0399 /* Preview Assets.xcassets */; };
		24A43EEE262261A1000A0399 /* OnboardingView.swift in Sources */ = {isa = PBXBuildFile; fileRef = 24A43EED262261A1000A0399 /* OnboardingView.swift */; };
		24A43EF226226AB8000A0399 /* SetupView.swift in Sources */ = {isa = PBXBuildFile; fileRef = 24A43EF126226AB8000A0399 /* SetupView.swift */; };
		24A43EFD2622E75A000A0399 /* SQLiteStore.swift in Sources */ = {isa = PBXBuildFile; fileRef = 24A43EFC2622E75A000A0399 /* SQLiteStore.swift */; };
		24A43F182622FF93000A0399 /* SetupProfileView.swift in Sources */ = {isa = PBXBuildFile; fileRef = 24A43F172622FF93000A0399 /* SetupProfileView.swift */; };
		24A43F1B26230345000A0399 /* CameraView.swift in Sources */ = {isa = PBXBuildFile; fileRef = 24A43F1A26230345000A0399 /* CameraView.swift */; };
		24A43F2026230E82000A0399 /* ContactsView.swift in Sources */ = {isa = PBXBuildFile; fileRef = 24A43F1F26230E82000A0399 /* ContactsView.swift */; };
		24A43F28262324B0000A0399 /* AsyncView.swift in Sources */ = {isa = PBXBuildFile; fileRef = 24A43F27262324B0000A0399 /* AsyncView.swift */; };
		24A43F36262334AB000A0399 /* AddLocalContact.swift in Sources */ = {isa = PBXBuildFile; fileRef = 24A43F35262334AB000A0399 /* AddLocalContact.swift */; };
		24A43F3B262345A2000A0399 /* AddOnlineContact.swift in Sources */ = {isa = PBXBuildFile; fileRef = 24A43F3A262345A2000A0399 /* AddOnlineContact.swift */; };
		24AE7A9C26775D52005C96EC /* ProfileImage.swift in Sources */ = {isa = PBXBuildFile; fileRef = 24AE7A9B26775D52005C96EC /* ProfileImage.swift */; };
		24AE7A9E26775E57005C96EC /* EditProfileView.swift in Sources */ = {isa = PBXBuildFile; fileRef = 24AE7A9D26775E57005C96EC /* EditProfileView.swift */; };
		24E38F90266FA2CD00A3B43B /* KeychainStored in Frameworks */ = {isa = PBXBuildFile; productRef = 24E38F8F266FA2CD00A3B43B /* KeychainStored */; };
		24E38F92266FA2CD00A3B43B /* Router in Frameworks */ = {isa = PBXBuildFile; productRef = 24E38F91266FA2CD00A3B43B /* Router */; };
		24E38F94266FA2CD00A3B43B /* JWTKit in Frameworks */ = {isa = PBXBuildFile; productRef = 24E38F93266FA2CD00A3B43B /* JWTKit */; };
		24E38F96266FA2CD00A3B43B /* WebSocketKit in Frameworks */ = {isa = PBXBuildFile; productRef = 24E38F95266FA2CD00A3B43B /* WebSocketKit */; };
		24E38F98266FA2CD00A3B43B /* FluentSQLiteDriver in Frameworks */ = {isa = PBXBuildFile; productRef = 24E38F97266FA2CD00A3B43B /* FluentSQLiteDriver */; };
/* End PBXBuildFile section */

/* Begin PBXFileReference section */
		24009D5B2687351B0071107E /* Info.plist */ = {isa = PBXFileReference; lastKnownFileType = text.plist; path = Info.plist; sourceTree = "<group>"; };
		24009D5C268753CE0071107E /* AttachmentButton.swift */ = {isa = PBXFileReference; lastKnownFileType = sourcecode.swift; path = AttachmentButton.swift; sourceTree = "<group>"; };
		2443C9CF262C71960069680D /* ChatsView.swift */ = {isa = PBXFileReference; lastKnownFileType = sourcecode.swift; path = ChatsView.swift; sourceTree = "<group>"; };
		2443C9D2262C719A0069680D /* SettingsView.swift */ = {isa = PBXFileReference; lastKnownFileType = sourcecode.swift; path = SettingsView.swift; sourceTree = "<group>"; };
		2443C9D5262C73020069680D /* ChatTabView.swift */ = {isa = PBXFileReference; lastKnownFileType = sourcecode.swift; path = ChatTabView.swift; sourceTree = "<group>"; };
		2443C9DE262C8B000069680D /* ContactRow.swift */ = {isa = PBXFileReference; lastKnownFileType = sourcecode.swift; path = ContactRow.swift; sourceTree = "<group>"; };
		2443C9E2262C8B780069680D /* PrivateChatView.swift */ = {isa = PBXFileReference; lastKnownFileType = sourcecode.swift; path = PrivateChatView.swift; sourceTree = "<group>"; };
		2443C9ED262D709A0069680D /* ChatRow.swift */ = {isa = PBXFileReference; lastKnownFileType = sourcecode.swift; path = ChatRow.swift; sourceTree = "<group>"; };
		2443C9F0262D721A0069680D /* Text+Date.swift */ = {isa = PBXFileReference; lastKnownFileType = sourcecode.swift; path = "Text+Date.swift"; sourceTree = "<group>"; };
		2443C9F4262D76C10069680D /* MessageCell.swift */ = {isa = PBXFileReference; lastKnownFileType = sourcecode.swift; path = MessageCell.swift; sourceTree = "<group>"; };
		2443C9F7262D7C500069680D /* ExpandingTextView.swift */ = {isa = PBXFileReference; lastKnownFileType = sourcecode.swift; path = ExpandingTextView.swift; sourceTree = "<group>"; };
		247B114F2678C67D00F75EE3 /* AudioPlayer.swift */ = {isa = PBXFileReference; lastKnownFileType = sourcecode.swift; path = AudioPlayer.swift; sourceTree = "<group>"; };
		247B11512678C69F00F75EE3 /* PlayAudioView.swift */ = {isa = PBXFileReference; lastKnownFileType = sourcecode.swift; path = PlayAudioView.swift; sourceTree = "<group>"; };
		24838A0326778BC5002CC4FC /* AppDelegate.swift */ = {isa = PBXFileReference; lastKnownFileType = sourcecode.swift; path = AppDelegate.swift; sourceTree = "<group>"; };
		24838A052678AA25002CC4FC /* ShareAttachmentSheet.swift */ = {isa = PBXFileReference; lastKnownFileType = sourcecode.swift; path = ShareAttachmentSheet.swift; sourceTree = "<group>"; };
		24838A082678AAC8002CC4FC /* PinnedChatsPlugin.swift */ = {isa = PBXFileReference; lastKnownFileType = sourcecode.swift; path = PinnedChatsPlugin.swift; sourceTree = "<group>"; };
		24838A0A2678B9B1002CC4FC /* VoiceRecorder.swift */ = {isa = PBXFileReference; lastKnownFileType = sourcecode.swift; path = VoiceRecorder.swift; sourceTree = "<group>"; };
		24838A0C2678BDA4002CC4FC /* AutoSignal.swift */ = {isa = PBXFileReference; lastKnownFileType = sourcecode.swift; path = AutoSignal.swift; sourceTree = "<group>"; };
		24838A0E2678BF83002CC4FC /* AudioSender.swift */ = {isa = PBXFileReference; lastKnownFileType = sourcecode.swift; path = AudioSender.swift; sourceTree = "<group>"; };
		248480C8267C9EF8008A88AF /* ChatBar.swift */ = {isa = PBXFileReference; lastKnownFileType = sourcecode.swift; path = ChatBar.swift; sourceTree = "<group>"; };
		248480CA267E1F8D008A88AF /* ImageViewer.swift */ = {isa = PBXFileReference; lastKnownFileType = sourcecode.swift; path = ImageViewer.swift; sourceTree = "<group>"; };
		248481892680AB49008A88AF /* macOS.app */ = {isa = PBXFileReference; explicitFileType = wrapper.application; includeInIndex = 0; path = macOS.app; sourceTree = BUILT_PRODUCTS_DIR; };
		2484818B2680AB49008A88AF /* macOSApp.swift */ = {isa = PBXFileReference; lastKnownFileType = sourcecode.swift; path = macOSApp.swift; sourceTree = "<group>"; };
		2484818D2680AB49008A88AF /* AppView.swift */ = {isa = PBXFileReference; lastKnownFileType = sourcecode.swift; path = AppView.swift; sourceTree = "<group>"; };
		2484818F2680AB4A008A88AF /* Assets.xcassets */ = {isa = PBXFileReference; lastKnownFileType = folder.assetcatalog; path = Assets.xcassets; sourceTree = "<group>"; };
		248481922680AB4A008A88AF /* Preview Assets.xcassets */ = {isa = PBXFileReference; lastKnownFileType = folder.assetcatalog; path = "Preview Assets.xcassets"; sourceTree = "<group>"; };
		248481B62680ACA8008A88AF /* Constants.swift */ = {isa = PBXFileReference; lastKnownFileType = sourcecode.swift; path = Constants.swift; sourceTree = "<group>"; };
		248481B92680AD08008A88AF /* macOS.entitlements */ = {isa = PBXFileReference; lastKnownFileType = text.plist.entitlements; path = macOS.entitlements; sourceTree = "<group>"; };
		248481BB2680AE0D008A88AF /* ContactsView.swift */ = {isa = PBXFileReference; lastKnownFileType = sourcecode.swift; path = ContactsView.swift; sourceTree = "<group>"; };
		248481BE2680AE28008A88AF /* SharedHelpers.swift */ = {isa = PBXFileReference; lastKnownFileType = sourcecode.swift; path = SharedHelpers.swift; sourceTree = "<group>"; };
		248481C12680AE49008A88AF /* SetupView.swift */ = {isa = PBXFileReference; lastKnownFileType = sourcecode.swift; path = SetupView.swift; sourceTree = "<group>"; };
		248481C42680AFA8008A88AF /* TypingIndicator.swift */ = {isa = PBXFileReference; lastKnownFileType = sourcecode.swift; path = TypingIndicator.swift; sourceTree = "<group>"; };
		248481C72680B009008A88AF /* Buttons.swift */ = {isa = PBXFileReference; lastKnownFileType = sourcecode.swift; path = Buttons.swift; sourceTree = "<group>"; };
		248481CB2680B14F008A88AF /* ContactRow.swift */ = {isa = PBXFileReference; lastKnownFileType = sourcecode.swift; path = ContactRow.swift; sourceTree = "<group>"; };
		248481D42680B81B008A88AF /* QRGenerator.swift */ = {isa = PBXFileReference; lastKnownFileType = sourcecode.swift; path = QRGenerator.swift; sourceTree = "<group>"; };
		248481D72680B825008A88AF /* QRCode.swift */ = {isa = PBXFileReference; lastKnownFileType = sourcecode.swift; path = QRCode.swift; sourceTree = "<group>"; };
		248481DA2680B838008A88AF /* QRHelpers.swift */ = {isa = PBXFileReference; lastKnownFileType = sourcecode.swift; path = QRHelpers.swift; sourceTree = "<group>"; };
		248481E02680BD27008A88AF /* CodeScannerView.swift */ = {isa = PBXFileReference; lastKnownFileType = sourcecode.swift; path = CodeScannerView.swift; sourceTree = "<group>"; };
		24951F2C2699A56900AC55B1 /* WebRTC.swift */ = {isa = PBXFileReference; lastKnownFileType = sourcecode.swift; path = WebRTC.swift; sourceTree = "<group>"; };
		24951F322699A8AA00AC55B1 /* Call.swift */ = {isa = PBXFileReference; lastKnownFileType = sourcecode.swift; path = Call.swift; sourceTree = "<group>"; };
		24A43ED52622614F000A0399 /* iOS.app */ = {isa = PBXFileReference; explicitFileType = wrapper.application; includeInIndex = 0; path = iOS.app; sourceTree = BUILT_PRODUCTS_DIR; };
		24A43ED82622614F000A0399 /* WorkspacesApp.swift */ = {isa = PBXFileReference; lastKnownFileType = sourcecode.swift; path = WorkspacesApp.swift; sourceTree = "<group>"; };
		24A43EDA2622614F000A0399 /* AppView.swift */ = {isa = PBXFileReference; lastKnownFileType = sourcecode.swift; path = AppView.swift; sourceTree = "<group>"; };
		24A43EDC26226151000A0399 /* Assets.xcassets */ = {isa = PBXFileReference; lastKnownFileType = folder.assetcatalog; path = Assets.xcassets; sourceTree = "<group>"; };
		24A43EDF26226151000A0399 /* Preview Assets.xcassets */ = {isa = PBXFileReference; lastKnownFileType = folder.assetcatalog; path = "Preview Assets.xcassets"; sourceTree = "<group>"; };
		24A43EE126226151000A0399 /* Info.plist */ = {isa = PBXFileReference; lastKnownFileType = text.plist.xml; path = Info.plist; sourceTree = "<group>"; };
		24A43EED262261A1000A0399 /* OnboardingView.swift */ = {isa = PBXFileReference; lastKnownFileType = sourcecode.swift; path = OnboardingView.swift; sourceTree = "<group>"; };
		24A43EF126226AB8000A0399 /* SetupView.swift */ = {isa = PBXFileReference; lastKnownFileType = sourcecode.swift; path = SetupView.swift; sourceTree = "<group>"; };
		24A43EFC2622E75A000A0399 /* SQLiteStore.swift */ = {isa = PBXFileReference; lastKnownFileType = sourcecode.swift; path = SQLiteStore.swift; sourceTree = "<group>"; };
		24A43F172622FF93000A0399 /* SetupProfileView.swift */ = {isa = PBXFileReference; lastKnownFileType = sourcecode.swift; path = SetupProfileView.swift; sourceTree = "<group>"; };
		24A43F1A26230345000A0399 /* CameraView.swift */ = {isa = PBXFileReference; lastKnownFileType = sourcecode.swift; path = CameraView.swift; sourceTree = "<group>"; };
		24A43F1F26230E82000A0399 /* ContactsView.swift */ = {isa = PBXFileReference; lastKnownFileType = sourcecode.swift; path = ContactsView.swift; sourceTree = "<group>"; };
		24A43F27262324B0000A0399 /* AsyncView.swift */ = {isa = PBXFileReference; lastKnownFileType = sourcecode.swift; path = AsyncView.swift; sourceTree = "<group>"; };
		24A43F2A26232768000A0399 /* Workspaces.entitlements */ = {isa = PBXFileReference; lastKnownFileType = text.plist.entitlements; path = Workspaces.entitlements; sourceTree = "<group>"; };
		24A43F35262334AB000A0399 /* AddLocalContact.swift */ = {isa = PBXFileReference; lastKnownFileType = sourcecode.swift; path = AddLocalContact.swift; sourceTree = "<group>"; };
		24A43F3A262345A2000A0399 /* AddOnlineContact.swift */ = {isa = PBXFileReference; lastKnownFileType = sourcecode.swift; path = AddOnlineContact.swift; sourceTree = "<group>"; };
		24AE7A9B26775D52005C96EC /* ProfileImage.swift */ = {isa = PBXFileReference; lastKnownFileType = sourcecode.swift; path = ProfileImage.swift; sourceTree = "<group>"; };
		24AE7A9D26775E57005C96EC /* EditProfileView.swift */ = {isa = PBXFileReference; lastKnownFileType = sourcecode.swift; path = EditProfileView.swift; sourceTree = "<group>"; };
/* End PBXFileReference section */

/* Begin PBXFrameworksBuildPhase section */
		248481862680AB49008A88AF /* Frameworks */ = {
			isa = PBXFrameworksBuildPhase;
			buildActionMask = 2147483647;
			files = (
				248481A42680AB91008A88AF /* SwiftUIX in Frameworks */,
				247672DB26EC1C6A00274AC5 /* CypherMessaging in Frameworks */,
				24951F292699A4BA00AC55B1 /* WebRTC in Frameworks */,
				248481B22680AC55008A88AF /* KeychainStored in Frameworks */,
				248481A62680ABA9008A88AF /* FluentSQLiteDriver in Frameworks */,
				247672DD26EC1C6A00274AC5 /* MessagingHelpers in Frameworks */,
			);
			runOnlyForDeploymentPostprocessing = 0;
		};
		24A43ED22622614F000A0399 /* Frameworks */ = {
			isa = PBXFrameworksBuildPhase;
			buildActionMask = 2147483647;
			files = (
				24E38F92266FA2CD00A3B43B /* Router in Frameworks */,
				244576DF26737264006B8E56 /* SwiftUIX in Frameworks */,
				24951F312699A75E00AC55B1 /* Logging in Frameworks */,
				24951F2B2699A4C900AC55B1 /* WebRTC in Frameworks */,
				24E38F90266FA2CD00A3B43B /* KeychainStored in Frameworks */,
				24E38F96266FA2CD00A3B43B /* WebSocketKit in Frameworks */,
				247672DF26ECECB800274AC5 /* CypherMessaging in Frameworks */,
				24E38F98266FA2CD00A3B43B /* FluentSQLiteDriver in Frameworks */,
				24E38F94266FA2CD00A3B43B /* JWTKit in Frameworks */,
				247672E126ECECB800274AC5 /* MessagingHelpers in Frameworks */,
			);
			runOnlyForDeploymentPostprocessing = 0;
		};
/* End PBXFrameworksBuildPhase section */

/* Begin PBXGroup section */
		24838A072678AABC002CC4FC /* Plugins */ = {
			isa = PBXGroup;
			children = (
				24838A082678AAC8002CC4FC /* PinnedChatsPlugin.swift */,
			);
			path = Plugins;
			sourceTree = "<group>";
		};
		2484818A2680AB49008A88AF /* macOS */ = {
			isa = PBXGroup;
			children = (
				24009D5B2687351B0071107E /* Info.plist */,
				248481D32680B813008A88AF /* QR */,
				248481B92680AD08008A88AF /* macOS.entitlements */,
				2484818B2680AB49008A88AF /* macOSApp.swift */,
				2484818D2680AB49008A88AF /* AppView.swift */,
				248481CB2680B14F008A88AF /* ContactRow.swift */,
				248481C12680AE49008A88AF /* SetupView.swift */,
				2484818F2680AB4A008A88AF /* Assets.xcassets */,
				248481912680AB4A008A88AF /* Preview Content */,
				248481BB2680AE0D008A88AF /* ContactsView.swift */,
			);
			path = macOS;
			sourceTree = "<group>";
		};
		248481912680AB4A008A88AF /* Preview Content */ = {
			isa = PBXGroup;
			children = (
				248481922680AB4A008A88AF /* Preview Assets.xcassets */,
			);
			path = "Preview Content";
			sourceTree = "<group>";
		};
		248481A72680ABB0008A88AF /* Shared */ = {
			isa = PBXGroup;
			children = (
				24009D5C268753CE0071107E /* AttachmentButton.swift */,
				248480C8267C9EF8008A88AF /* ChatBar.swift */,
				24AE7A9B26775D52005C96EC /* ProfileImage.swift */,
				2443C9F4262D76C10069680D /* MessageCell.swift */,
				248481C72680B009008A88AF /* Buttons.swift */,
				24838A0C2678BDA4002CC4FC /* AutoSignal.swift */,
				248481C42680AFA8008A88AF /* TypingIndicator.swift */,
				2443C9F0262D721A0069680D /* Text+Date.swift */,
				2443C9D5262C73020069680D /* ChatTabView.swift */,
				247B114F2678C67D00F75EE3 /* AudioPlayer.swift */,
				247B11512678C69F00F75EE3 /* PlayAudioView.swift */,
				24838A0A2678B9B1002CC4FC /* VoiceRecorder.swift */,
				2443C9E2262C8B780069680D /* PrivateChatView.swift */,
				24A43EFC2622E75A000A0399 /* SQLiteStore.swift */,
				24A43F27262324B0000A0399 /* AsyncView.swift */,
				248481BE2680AE28008A88AF /* SharedHelpers.swift */,
				24838A072678AABC002CC4FC /* Plugins */,
				248481B62680ACA8008A88AF /* Constants.swift */,
				24951F2C2699A56900AC55B1 /* WebRTC.swift */,
				24951F322699A8AA00AC55B1 /* Call.swift */,
			);
			path = Shared;
			sourceTree = "<group>";
		};
		248481D32680B813008A88AF /* QR */ = {
			isa = PBXGroup;
			children = (
				248481D42680B81B008A88AF /* QRGenerator.swift */,
				248481D72680B825008A88AF /* QRCode.swift */,
				248481DA2680B838008A88AF /* QRHelpers.swift */,
			);
			path = QR;
			sourceTree = "<group>";
		};
		24A43ECC2622614F000A0399 = {
			isa = PBXGroup;
			children = (
				24E38F72266F99F500A3B43B /* Packages */,
				248481A72680ABB0008A88AF /* Shared */,
				24A43ED72622614F000A0399 /* Workspaces */,
				2484818A2680AB49008A88AF /* macOS */,
				24A43ED62622614F000A0399 /* Products */,
				24E38F8C266FA2CD00A3B43B /* Frameworks */,
			);
			sourceTree = "<group>";
		};
		24A43ED62622614F000A0399 /* Products */ = {
			isa = PBXGroup;
			children = (
				24A43ED52622614F000A0399 /* iOS.app */,
				248481892680AB49008A88AF /* macOS.app */,
			);
			name = Products;
			sourceTree = "<group>";
		};
		24A43ED72622614F000A0399 /* Workspaces */ = {
			isa = PBXGroup;
			children = (
				24A43ED82622614F000A0399 /* WorkspacesApp.swift */,
				24A43F2A26232768000A0399 /* Workspaces.entitlements */,
				24838A0326778BC5002CC4FC /* AppDelegate.swift */,
				24838A052678AA25002CC4FC /* ShareAttachmentSheet.swift */,
				248480CA267E1F8D008A88AF /* ImageViewer.swift */,
				24A43EF126226AB8000A0399 /* SetupView.swift */,
				24838A0E2678BF83002CC4FC /* AudioSender.swift */,
				24AE7A9D26775E57005C96EC /* EditProfileView.swift */,
				24A43F3A262345A2000A0399 /* AddOnlineContact.swift */,
				2443C9F7262D7C500069680D /* ExpandingTextView.swift */,
				24A43F35262334AB000A0399 /* AddLocalContact.swift */,
				2443C9DE262C8B000069680D /* ContactRow.swift */,
				24A43F172622FF93000A0399 /* SetupProfileView.swift */,
				2443C9ED262D709A0069680D /* ChatRow.swift */,
				2443C9CF262C71960069680D /* ChatsView.swift */,
				24A43F1F26230E82000A0399 /* ContactsView.swift */,
				2443C9D2262C719A0069680D /* SettingsView.swift */,
				24A43F1A26230345000A0399 /* CameraView.swift */,
				24A43EED262261A1000A0399 /* OnboardingView.swift */,
				24A43EDA2622614F000A0399 /* AppView.swift */,
				24A43EDC26226151000A0399 /* Assets.xcassets */,
				24A43EE126226151000A0399 /* Info.plist */,
				24A43EDE26226151000A0399 /* Preview Content */,
				248481E02680BD27008A88AF /* CodeScannerView.swift */,
			);
			path = Workspaces;
			sourceTree = "<group>";
		};
		24A43EDE26226151000A0399 /* Preview Content */ = {
			isa = PBXGroup;
			children = (
				24A43EDF26226151000A0399 /* Preview Assets.xcassets */,
			);
			path = "Preview Content";
			sourceTree = "<group>";
		};
		24E38F72266F99F500A3B43B /* Packages */ = {
			isa = PBXGroup;
			children = (
			);
			name = Packages;
			sourceTree = "<group>";
		};
		24E38F8C266FA2CD00A3B43B /* Frameworks */ = {
			isa = PBXGroup;
			children = (
			);
			name = Frameworks;
			sourceTree = "<group>";
		};
/* End PBXGroup section */

/* Begin PBXNativeTarget section */
		248481882680AB49008A88AF /* macOS */ = {
			isa = PBXNativeTarget;
			buildConfigurationList = 248481942680AB4A008A88AF /* Build configuration list for PBXNativeTarget "macOS" */;
			buildPhases = (
				248481852680AB49008A88AF /* Sources */,
				248481862680AB49008A88AF /* Frameworks */,
				248481872680AB49008A88AF /* Resources */,
			);
			buildRules = (
			);
			dependencies = (
			);
			name = macOS;
			packageProductDependencies = (
				248481A32680AB91008A88AF /* SwiftUIX */,
				248481A52680ABA9008A88AF /* FluentSQLiteDriver */,
				248481B12680AC55008A88AF /* KeychainStored */,
				24951F282699A4BA00AC55B1 /* WebRTC */,
				247672DA26EC1C6A00274AC5 /* CypherMessaging */,
				247672DC26EC1C6A00274AC5 /* MessagingHelpers */,
			);
			productName = macOS;
			productReference = 248481892680AB49008A88AF /* macOS.app */;
			productType = "com.apple.product-type.application";
		};
		24A43ED42622614F000A0399 /* iOS */ = {
			isa = PBXNativeTarget;
			buildConfigurationList = 24A43EE426226151000A0399 /* Build configuration list for PBXNativeTarget "iOS" */;
			buildPhases = (
				24A43ED12622614F000A0399 /* Sources */,
				24A43ED22622614F000A0399 /* Frameworks */,
				24A43ED32622614F000A0399 /* Resources */,
			);
			buildRules = (
			);
			dependencies = (
				24E38F78266FA27A00A3B43B /* PBXTargetDependency */,
				24E38F7A266FA27A00A3B43B /* PBXTargetDependency */,
				24E38F7C266FA27A00A3B43B /* PBXTargetDependency */,
				24E38F7E266FA27A00A3B43B /* PBXTargetDependency */,
				24E38F80266FA27A00A3B43B /* PBXTargetDependency */,
				24E38F82266FA27A00A3B43B /* PBXTargetDependency */,
			);
			name = iOS;
			packageProductDependencies = (
				24E38F8F266FA2CD00A3B43B /* KeychainStored */,
				24E38F91266FA2CD00A3B43B /* Router */,
				24E38F93266FA2CD00A3B43B /* JWTKit */,
				24E38F95266FA2CD00A3B43B /* WebSocketKit */,
				24E38F97266FA2CD00A3B43B /* FluentSQLiteDriver */,
				244576DE26737264006B8E56 /* SwiftUIX */,
				24951F2A2699A4C900AC55B1 /* WebRTC */,
				24951F302699A75E00AC55B1 /* Logging */,
				247672DE26ECECB800274AC5 /* CypherMessaging */,
				247672E026ECECB800274AC5 /* MessagingHelpers */,
			);
			productName = Workspaces;
			productReference = 24A43ED52622614F000A0399 /* iOS.app */;
			productType = "com.apple.product-type.application";
		};
/* End PBXNativeTarget section */

/* Begin PBXProject section */
		24A43ECD2622614F000A0399 /* Project object */ = {
			isa = PBXProject;
			attributes = {
				LastSwiftUpdateCheck = 1300;
				LastUpgradeCheck = 1240;
				TargetAttributes = {
					248481882680AB49008A88AF = {
						CreatedOnToolsVersion = 13.0;
					};
					24A43ED42622614F000A0399 = {
						CreatedOnToolsVersion = 12.4;
					};
				};
			};
			buildConfigurationList = 24A43ED02622614F000A0399 /* Build configuration list for PBXProject "Workspaces" */;
			compatibilityVersion = "Xcode 9.3";
			developmentRegion = en;
			hasScannedForEncodings = 0;
			knownRegions = (
				en,
				Base,
			);
			mainGroup = 24A43ECC2622614F000A0399;
			packageReferences = (
				24A43EFF2622E77C000A0399 /* XCRemoteSwiftPackageReference "KeychainStored" */,
				24A43F032622E794000A0399 /* XCRemoteSwiftPackageReference "swiftui-router" */,
				24A43F112622E885000A0399 /* XCRemoteSwiftPackageReference "jwt-kit" */,
				2443C9E9262C92550069680D /* XCRemoteSwiftPackageReference "websocket-kit" */,
				24E38F74266F9A3A00A3B43B /* XCRemoteSwiftPackageReference "fluent-sqlite" */,
				24E38F83266FA29A00A3B43B /* XCRemoteSwiftPackageReference "swift-nio" */,
				244576DD26737264006B8E56 /* XCRemoteSwiftPackageReference "swiftuix" */,
				24951F272699A4BA00AC55B1 /* XCRemoteSwiftPackageReference "WebRTC" */,
				24951F2F2699A75E00AC55B1 /* XCRemoteSwiftPackageReference "swift-log" */,
				247672D926EC1C6A00274AC5 /* XCRemoteSwiftPackageReference "cyphertextkit" */,
			);
			productRefGroup = 24A43ED62622614F000A0399 /* Products */;
			projectDirPath = "";
			projectRoot = "";
			targets = (
				24A43ED42622614F000A0399 /* iOS */,
				248481882680AB49008A88AF /* macOS */,
			);
		};
/* End PBXProject section */

/* Begin PBXResourcesBuildPhase section */
		248481872680AB49008A88AF /* Resources */ = {
			isa = PBXResourcesBuildPhase;
			buildActionMask = 2147483647;
			files = (
				248481932680AB4A008A88AF /* Preview Assets.xcassets in Resources */,
				248481902680AB4A008A88AF /* Assets.xcassets in Resources */,
			);
			runOnlyForDeploymentPostprocessing = 0;
		};
		24A43ED32622614F000A0399 /* Resources */ = {
			isa = PBXResourcesBuildPhase;
			buildActionMask = 2147483647;
			files = (
				24A43EE026226151000A0399 /* Preview Assets.xcassets in Resources */,
				24A43EDD26226151000A0399 /* Assets.xcassets in Resources */,
			);
			runOnlyForDeploymentPostprocessing = 0;
		};
/* End PBXResourcesBuildPhase section */

/* Begin PBXSourcesBuildPhase section */
		248481852680AB49008A88AF /* Sources */ = {
			isa = PBXSourcesBuildPhase;
			buildActionMask = 2147483647;
			files = (
				248481CF2680B302008A88AF /* PrivateChatView.swift in Sources */,
				248481DC2680B838008A88AF /* QRHelpers.swift in Sources */,
				2484818E2680AB49008A88AF /* AppView.swift in Sources */,
				248481AB2680AC3C008A88AF /* ChatBar.swift in Sources */,
				24951F2E2699A56900AC55B1 /* WebRTC.swift in Sources */,
				248481C02680AE28008A88AF /* SharedHelpers.swift in Sources */,
				248481AF2680AC3C008A88AF /* Text+Date.swift in Sources */,
				248481D92680B825008A88AF /* QRCode.swift in Sources */,
				248481AC2680AC3C008A88AF /* ProfileImage.swift in Sources */,
				248481B02680AC3C008A88AF /* SQLiteStore.swift in Sources */,
				248481C62680AFA8008A88AF /* TypingIndicator.swift in Sources */,
				248481D62680B81B008A88AF /* QRGenerator.swift in Sources */,
				248481C32680AE49008A88AF /* SetupView.swift in Sources */,
				248481AD2680AC3C008A88AF /* AsyncView.swift in Sources */,
				248481C92680B009008A88AF /* Buttons.swift in Sources */,
				2484818C2680AB49008A88AF /* macOSApp.swift in Sources */,
				248481CD2680B14F008A88AF /* ContactRow.swift in Sources */,
				248481A92680AC3C008A88AF /* PinnedChatsPlugin.swift in Sources */,
				248481CA2680B12B008A88AF /* AudioPlayer.swift in Sources */,
				248481AA2680AC3C008A88AF /* VoiceRecorder.swift in Sources */,
				248481CE2680B263008A88AF /* PlayAudioView.swift in Sources */,
				248481A82680AC3C008A88AF /* AutoSignal.swift in Sources */,
				24951F342699A8AA00AC55B1 /* Call.swift in Sources */,
				248481AE2680AC3C008A88AF /* MessageCell.swift in Sources */,
				248481B82680ACA8008A88AF /* Constants.swift in Sources */,
				248481BA2680ADBB008A88AF /* ChatTabView.swift in Sources */,
				24009D5E268754400071107E /* AttachmentButton.swift in Sources */,
				248481BD2680AE0D008A88AF /* ContactsView.swift in Sources */,
			);
			runOnlyForDeploymentPostprocessing = 0;
		};
		24A43ED12622614F000A0399 /* Sources */ = {
			isa = PBXSourcesBuildPhase;
			buildActionMask = 2147483647;
			files = (
				248481C52680AFA8008A88AF /* TypingIndicator.swift in Sources */,
				24A43EEE262261A1000A0399 /* OnboardingView.swift in Sources */,
				24A43EFD2622E75A000A0399 /* SQLiteStore.swift in Sources */,
				248481C82680B009008A88AF /* Buttons.swift in Sources */,
				247B11502678C67D00F75EE3 /* AudioPlayer.swift in Sources */,
				24838A062678AA25002CC4FC /* ShareAttachmentSheet.swift in Sources */,
				2443C9E3262C8B780069680D /* PrivateChatView.swift in Sources */,
				24838A0D2678BDA4002CC4FC /* AutoSignal.swift in Sources */,
				2443C9D6262C73020069680D /* ChatTabView.swift in Sources */,
				24A43EDB2622614F000A0399 /* AppView.swift in Sources */,
				2443C9F5262D76C10069680D /* MessageCell.swift in Sources */,
				247B11522678C69F00F75EE3 /* PlayAudioView.swift in Sources */,
				24838A0B2678B9B1002CC4FC /* VoiceRecorder.swift in Sources */,
				24A43F182622FF93000A0399 /* SetupProfileView.swift in Sources */,
				24AE7A9C26775D52005C96EC /* ProfileImage.swift in Sources */,
				248480CB267E1F8D008A88AF /* ImageViewer.swift in Sources */,
				24009D5D268753CE0071107E /* AttachmentButton.swift in Sources */,
				2443C9D3262C719A0069680D /* SettingsView.swift in Sources */,
				24951F332699A8AA00AC55B1 /* Call.swift in Sources */,
				24A43EF226226AB8000A0399 /* SetupView.swift in Sources */,
				2443C9F8262D7C500069680D /* ExpandingTextView.swift in Sources */,
				24A43ED92622614F000A0399 /* WorkspacesApp.swift in Sources */,
				24A43F36262334AB000A0399 /* AddLocalContact.swift in Sources */,
				248481BF2680AE28008A88AF /* SharedHelpers.swift in Sources */,
				2443C9D0262C71960069680D /* ChatsView.swift in Sources */,
				24838A092678AAC8002CC4FC /* PinnedChatsPlugin.swift in Sources */,
				248480C9267C9EF8008A88AF /* ChatBar.swift in Sources */,
				24A43F28262324B0000A0399 /* AsyncView.swift in Sources */,
				248481E12680BD27008A88AF /* CodeScannerView.swift in Sources */,
				24A43F2026230E82000A0399 /* ContactsView.swift in Sources */,
				248481B72680ACA8008A88AF /* Constants.swift in Sources */,
				24A43F3B262345A2000A0399 /* AddOnlineContact.swift in Sources */,
				24951F2D2699A56900AC55B1 /* WebRTC.swift in Sources */,
				24838A0426778BC5002CC4FC /* AppDelegate.swift in Sources */,
				2443C9F1262D721A0069680D /* Text+Date.swift in Sources */,
				24A43F1B26230345000A0399 /* CameraView.swift in Sources */,
				2443C9EE262D709A0069680D /* ChatRow.swift in Sources */,
				24AE7A9E26775E57005C96EC /* EditProfileView.swift in Sources */,
				2443C9DF262C8B000069680D /* ContactRow.swift in Sources */,
				24838A0F2678BF83002CC4FC /* AudioSender.swift in Sources */,
			);
			runOnlyForDeploymentPostprocessing = 0;
		};
/* End PBXSourcesBuildPhase section */

/* Begin PBXTargetDependency section */
		24E38F78266FA27A00A3B43B /* PBXTargetDependency */ = {
			isa = PBXTargetDependency;
			productRef = 24E38F77266FA27A00A3B43B /* AsyncHTTPClient */;
		};
		24E38F7A266FA27A00A3B43B /* PBXTargetDependency */ = {
			isa = PBXTargetDependency;
			productRef = 24E38F79266FA27A00A3B43B /* KeychainStored */;
		};
		24E38F7C266FA27A00A3B43B /* PBXTargetDependency */ = {
			isa = PBXTargetDependency;
			productRef = 24E38F7B266FA27A00A3B43B /* Router */;
		};
		24E38F7E266FA27A00A3B43B /* PBXTargetDependency */ = {
			isa = PBXTargetDependency;
			productRef = 24E38F7D266FA27A00A3B43B /* JWTKit */;
		};
		24E38F80266FA27A00A3B43B /* PBXTargetDependency */ = {
			isa = PBXTargetDependency;
			productRef = 24E38F7F266FA27A00A3B43B /* WebSocketKit */;
		};
		24E38F82266FA27A00A3B43B /* PBXTargetDependency */ = {
			isa = PBXTargetDependency;
			productRef = 24E38F81266FA27A00A3B43B /* FluentSQLiteDriver */;
		};
/* End PBXTargetDependency section */

/* Begin XCBuildConfiguration section */
		248481952680AB4A008A88AF /* Debug */ = {
			isa = XCBuildConfiguration;
			buildSettings = {
				ASSETCATALOG_COMPILER_APPICON_NAME = AppIcon;
				ASSETCATALOG_COMPILER_GLOBAL_ACCENT_COLOR_NAME = AccentColor;
				ASSETCATALOG_COMPILER_INCLUDE_ALL_APPICON_ASSETS = NO;
				CODE_SIGN_ENTITLEMENTS = macOS/macOS.entitlements;
				CODE_SIGN_STYLE = Automatic;
				COMBINE_HIDPI_IMAGES = YES;
				CURRENT_PROJECT_VERSION = 1;
				DEVELOPMENT_ASSET_PATHS = "\"macOS/Preview Content\"";
				DEVELOPMENT_TEAM = 6U5LP2533T;
				ENABLE_APP_SANDBOX = YES;
				ENABLE_HARDENED_RUNTIME = YES;
				ENABLE_PREVIEWS = YES;
				ENABLE_USER_SELECTED_FILES = readonly;
				GENERATE_INFOPLIST_FILE = YES;
				INFOPLIST_FILE = macOS/Info.plist;
				INFOPLIST_KEY_CFBundleExecutable = macOS;
				INFOPLIST_KEY_CFBundleName = Workspaces;
				INFOPLIST_KEY_CFBundleVersion = 1;
				INFOPLIST_KEY_NSHumanReadableCopyright = "";
				LD_RUNPATH_SEARCH_PATHS = (
					"$(inherited)",
					"@executable_path/../Frameworks",
				);
				MACOSX_DEPLOYMENT_TARGET = 12.0;
				MARKETING_VERSION = 1.0;
				PRODUCT_BUNDLE_IDENTIFIER = nl.orlandos.macOS;
				PRODUCT_NAME = "$(TARGET_NAME)";
				SDKROOT = macosx;
				SWIFT_EMIT_LOC_STRINGS = YES;
				SWIFT_VERSION = 5.0;
			};
			name = Debug;
		};
		248481962680AB4A008A88AF /* Release */ = {
			isa = XCBuildConfiguration;
			buildSettings = {
				ASSETCATALOG_COMPILER_APPICON_NAME = AppIcon;
				ASSETCATALOG_COMPILER_GLOBAL_ACCENT_COLOR_NAME = AccentColor;
				ASSETCATALOG_COMPILER_INCLUDE_ALL_APPICON_ASSETS = NO;
				CODE_SIGN_ENTITLEMENTS = macOS/macOS.entitlements;
				CODE_SIGN_STYLE = Automatic;
				COMBINE_HIDPI_IMAGES = YES;
				CURRENT_PROJECT_VERSION = 1;
				DEVELOPMENT_ASSET_PATHS = "\"macOS/Preview Content\"";
				DEVELOPMENT_TEAM = 6U5LP2533T;
				ENABLE_APP_SANDBOX = YES;
				ENABLE_HARDENED_RUNTIME = YES;
				ENABLE_PREVIEWS = YES;
				ENABLE_USER_SELECTED_FILES = readonly;
				GENERATE_INFOPLIST_FILE = YES;
				INFOPLIST_FILE = macOS/Info.plist;
				INFOPLIST_KEY_CFBundleExecutable = macOS;
				INFOPLIST_KEY_CFBundleName = Workspaces;
				INFOPLIST_KEY_CFBundleVersion = 1;
				INFOPLIST_KEY_NSHumanReadableCopyright = "";
				LD_RUNPATH_SEARCH_PATHS = (
					"$(inherited)",
					"@executable_path/../Frameworks",
				);
				MACOSX_DEPLOYMENT_TARGET = 12.0;
				MARKETING_VERSION = 1.0;
				PRODUCT_BUNDLE_IDENTIFIER = nl.orlandos.macOS;
				PRODUCT_NAME = "$(TARGET_NAME)";
				SDKROOT = macosx;
				SWIFT_EMIT_LOC_STRINGS = YES;
				SWIFT_VERSION = 5.0;
			};
			name = Release;
		};
		24A43EE226226151000A0399 /* Debug */ = {
			isa = XCBuildConfiguration;
			buildSettings = {
				ALWAYS_SEARCH_USER_PATHS = NO;
				CLANG_ANALYZER_NONNULL = YES;
				CLANG_ANALYZER_NUMBER_OBJECT_CONVERSION = YES_AGGRESSIVE;
				CLANG_CXX_LANGUAGE_STANDARD = "gnu++14";
				CLANG_CXX_LIBRARY = "libc++";
				CLANG_ENABLE_MODULES = YES;
				CLANG_ENABLE_OBJC_ARC = YES;
				CLANG_ENABLE_OBJC_WEAK = YES;
				CLANG_WARN_BLOCK_CAPTURE_AUTORELEASING = YES;
				CLANG_WARN_BOOL_CONVERSION = YES;
				CLANG_WARN_COMMA = YES;
				CLANG_WARN_CONSTANT_CONVERSION = YES;
				CLANG_WARN_DEPRECATED_OBJC_IMPLEMENTATIONS = YES;
				CLANG_WARN_DIRECT_OBJC_ISA_USAGE = YES_ERROR;
				CLANG_WARN_DOCUMENTATION_COMMENTS = YES;
				CLANG_WARN_EMPTY_BODY = YES;
				CLANG_WARN_ENUM_CONVERSION = YES;
				CLANG_WARN_INFINITE_RECURSION = YES;
				CLANG_WARN_INT_CONVERSION = YES;
				CLANG_WARN_NON_LITERAL_NULL_CONVERSION = YES;
				CLANG_WARN_OBJC_IMPLICIT_RETAIN_SELF = YES;
				CLANG_WARN_OBJC_LITERAL_CONVERSION = YES;
				CLANG_WARN_OBJC_ROOT_CLASS = YES_ERROR;
				CLANG_WARN_QUOTED_INCLUDE_IN_FRAMEWORK_HEADER = YES;
				CLANG_WARN_RANGE_LOOP_ANALYSIS = YES;
				CLANG_WARN_STRICT_PROTOTYPES = YES;
				CLANG_WARN_SUSPICIOUS_MOVE = YES;
				CLANG_WARN_UNGUARDED_AVAILABILITY = YES_AGGRESSIVE;
				CLANG_WARN_UNREACHABLE_CODE = YES;
				CLANG_WARN__DUPLICATE_METHOD_MATCH = YES;
				COPY_PHASE_STRIP = NO;
				DEBUG_INFORMATION_FORMAT = dwarf;
				ENABLE_STRICT_OBJC_MSGSEND = YES;
				ENABLE_TESTABILITY = YES;
				GCC_C_LANGUAGE_STANDARD = gnu11;
				GCC_DYNAMIC_NO_PIC = NO;
				GCC_NO_COMMON_BLOCKS = YES;
				GCC_OPTIMIZATION_LEVEL = 0;
				GCC_PREPROCESSOR_DEFINITIONS = (
					"DEBUG=1",
					"$(inherited)",
				);
				GCC_WARN_64_TO_32_BIT_CONVERSION = YES;
				GCC_WARN_ABOUT_RETURN_TYPE = YES_ERROR;
				GCC_WARN_UNDECLARED_SELECTOR = YES;
				GCC_WARN_UNINITIALIZED_AUTOS = YES_AGGRESSIVE;
				GCC_WARN_UNUSED_FUNCTION = YES;
				GCC_WARN_UNUSED_VARIABLE = YES;
				IPHONEOS_DEPLOYMENT_TARGET = 15.0;
				MTL_ENABLE_DEBUG_INFO = INCLUDE_SOURCE;
				MTL_FAST_MATH = YES;
				ONLY_ACTIVE_ARCH = YES;
				SDKROOT = iphoneos;
				SWIFT_ACTIVE_COMPILATION_CONDITIONS = DEBUG;
				SWIFT_OPTIMIZATION_LEVEL = "-Onone";
			};
			name = Debug;
		};
		24A43EE326226151000A0399 /* Release */ = {
			isa = XCBuildConfiguration;
			buildSettings = {
				ALWAYS_SEARCH_USER_PATHS = NO;
				CLANG_ANALYZER_NONNULL = YES;
				CLANG_ANALYZER_NUMBER_OBJECT_CONVERSION = YES_AGGRESSIVE;
				CLANG_CXX_LANGUAGE_STANDARD = "gnu++14";
				CLANG_CXX_LIBRARY = "libc++";
				CLANG_ENABLE_MODULES = YES;
				CLANG_ENABLE_OBJC_ARC = YES;
				CLANG_ENABLE_OBJC_WEAK = YES;
				CLANG_WARN_BLOCK_CAPTURE_AUTORELEASING = YES;
				CLANG_WARN_BOOL_CONVERSION = YES;
				CLANG_WARN_COMMA = YES;
				CLANG_WARN_CONSTANT_CONVERSION = YES;
				CLANG_WARN_DEPRECATED_OBJC_IMPLEMENTATIONS = YES;
				CLANG_WARN_DIRECT_OBJC_ISA_USAGE = YES_ERROR;
				CLANG_WARN_DOCUMENTATION_COMMENTS = YES;
				CLANG_WARN_EMPTY_BODY = YES;
				CLANG_WARN_ENUM_CONVERSION = YES;
				CLANG_WARN_INFINITE_RECURSION = YES;
				CLANG_WARN_INT_CONVERSION = YES;
				CLANG_WARN_NON_LITERAL_NULL_CONVERSION = YES;
				CLANG_WARN_OBJC_IMPLICIT_RETAIN_SELF = YES;
				CLANG_WARN_OBJC_LITERAL_CONVERSION = YES;
				CLANG_WARN_OBJC_ROOT_CLASS = YES_ERROR;
				CLANG_WARN_QUOTED_INCLUDE_IN_FRAMEWORK_HEADER = YES;
				CLANG_WARN_RANGE_LOOP_ANALYSIS = YES;
				CLANG_WARN_STRICT_PROTOTYPES = YES;
				CLANG_WARN_SUSPICIOUS_MOVE = YES;
				CLANG_WARN_UNGUARDED_AVAILABILITY = YES_AGGRESSIVE;
				CLANG_WARN_UNREACHABLE_CODE = YES;
				CLANG_WARN__DUPLICATE_METHOD_MATCH = YES;
				COPY_PHASE_STRIP = NO;
				DEBUG_INFORMATION_FORMAT = "dwarf-with-dsym";
				ENABLE_NS_ASSERTIONS = NO;
				ENABLE_STRICT_OBJC_MSGSEND = YES;
				GCC_C_LANGUAGE_STANDARD = gnu11;
				GCC_NO_COMMON_BLOCKS = YES;
				GCC_WARN_64_TO_32_BIT_CONVERSION = YES;
				GCC_WARN_ABOUT_RETURN_TYPE = YES_ERROR;
				GCC_WARN_UNDECLARED_SELECTOR = YES;
				GCC_WARN_UNINITIALIZED_AUTOS = YES_AGGRESSIVE;
				GCC_WARN_UNUSED_FUNCTION = YES;
				GCC_WARN_UNUSED_VARIABLE = YES;
				IPHONEOS_DEPLOYMENT_TARGET = 15.0;
				MTL_ENABLE_DEBUG_INFO = NO;
				MTL_FAST_MATH = YES;
				SDKROOT = iphoneos;
				SWIFT_COMPILATION_MODE = wholemodule;
				SWIFT_OPTIMIZATION_LEVEL = "-O";
				VALIDATE_PRODUCT = YES;
			};
			name = Release;
		};
		24A43EE526226151000A0399 /* Debug */ = {
			isa = XCBuildConfiguration;
			buildSettings = {
				ASSETCATALOG_COMPILER_APPICON_NAME = AppIcon;
				ASSETCATALOG_COMPILER_GLOBAL_ACCENT_COLOR_NAME = AccentColor;
				CODE_SIGN_ENTITLEMENTS = Workspaces/Workspaces.entitlements;
				CODE_SIGN_STYLE = Automatic;
				DEVELOPMENT_ASSET_PATHS = "\"Workspaces/Preview Content\"";
				DEVELOPMENT_TEAM = 6U5LP2533T;
				ENABLE_PREVIEWS = YES;
				INFOPLIST_FILE = Workspaces/Info.plist;
				IPHONEOS_DEPLOYMENT_TARGET = 15.0;
				LD_RUNPATH_SEARCH_PATHS = (
					"$(inherited)",
					"@executable_path/Frameworks",
				);
				PRODUCT_BUNDLE_IDENTIFIER = nl.orlandos.Workspaces;
				PRODUCT_NAME = "$(TARGET_NAME)";
				SUPPORTS_MACCATALYST = NO;
				SUPPORTS_MAC_DESIGNED_FOR_IPHONE_IPAD = NO;
				SWIFT_VERSION = 5.0;
				TARGETED_DEVICE_FAMILY = "1,2";
			};
			name = Debug;
		};
		24A43EE626226151000A0399 /* Release */ = {
			isa = XCBuildConfiguration;
			buildSettings = {
				ASSETCATALOG_COMPILER_APPICON_NAME = AppIcon;
				ASSETCATALOG_COMPILER_GLOBAL_ACCENT_COLOR_NAME = AccentColor;
				CODE_SIGN_ENTITLEMENTS = Workspaces/Workspaces.entitlements;
				CODE_SIGN_STYLE = Automatic;
				DEVELOPMENT_ASSET_PATHS = "\"Workspaces/Preview Content\"";
				DEVELOPMENT_TEAM = 6U5LP2533T;
				ENABLE_PREVIEWS = YES;
				INFOPLIST_FILE = Workspaces/Info.plist;
				IPHONEOS_DEPLOYMENT_TARGET = 15.0;
				LD_RUNPATH_SEARCH_PATHS = (
					"$(inherited)",
					"@executable_path/Frameworks",
				);
				PRODUCT_BUNDLE_IDENTIFIER = nl.orlandos.Workspaces;
				PRODUCT_NAME = "$(TARGET_NAME)";
				SUPPORTS_MACCATALYST = NO;
				SUPPORTS_MAC_DESIGNED_FOR_IPHONE_IPAD = NO;
				SWIFT_VERSION = 5.0;
				TARGETED_DEVICE_FAMILY = "1,2";
			};
			name = Release;
		};
/* End XCBuildConfiguration section */

/* Begin XCConfigurationList section */
		248481942680AB4A008A88AF /* Build configuration list for PBXNativeTarget "macOS" */ = {
			isa = XCConfigurationList;
			buildConfigurations = (
				248481952680AB4A008A88AF /* Debug */,
				248481962680AB4A008A88AF /* Release */,
			);
			defaultConfigurationIsVisible = 0;
			defaultConfigurationName = Release;
		};
		24A43ED02622614F000A0399 /* Build configuration list for PBXProject "Workspaces" */ = {
			isa = XCConfigurationList;
			buildConfigurations = (
				24A43EE226226151000A0399 /* Debug */,
				24A43EE326226151000A0399 /* Release */,
			);
			defaultConfigurationIsVisible = 0;
			defaultConfigurationName = Release;
		};
		24A43EE426226151000A0399 /* Build configuration list for PBXNativeTarget "iOS" */ = {
			isa = XCConfigurationList;
			buildConfigurations = (
				24A43EE526226151000A0399 /* Debug */,
				24A43EE626226151000A0399 /* Release */,
			);
			defaultConfigurationIsVisible = 0;
			defaultConfigurationName = Release;
		};
/* End XCConfigurationList section */

/* Begin XCRemoteSwiftPackageReference section */
		2443C9E9262C92550069680D /* XCRemoteSwiftPackageReference "websocket-kit" */ = {
			isa = XCRemoteSwiftPackageReference;
			repositoryURL = "https://github.com/vapor/websocket-kit.git";
			requirement = {
				kind = upToNextMajorVersion;
				minimumVersion = 2.1.2;
			};
		};
		244576DD26737264006B8E56 /* XCRemoteSwiftPackageReference "swiftuix" */ = {
			isa = XCRemoteSwiftPackageReference;
			repositoryURL = "https://github.com/swiftuix/swiftuix.git";
			requirement = {
				branch = master;
				kind = branch;
			};
		};
		247672D926EC1C6A00274AC5 /* XCRemoteSwiftPackageReference "cyphertextkit" */ = {
			isa = XCRemoteSwiftPackageReference;
			repositoryURL = "git@github.com:Orlandos-nl/cyphertextkit.git";
			requirement = {
				branch = "feature/async-await";
				kind = branch;
			};
		};
		24951F272699A4BA00AC55B1 /* XCRemoteSwiftPackageReference "WebRTC" */ = {
			isa = XCRemoteSwiftPackageReference;
			repositoryURL = "https://github.com/alexpiezo/WebRTC.git";
			requirement = {
				kind = upToNextMajorVersion;
				minimumVersion = 92.0.0;
			};
		};
		24951F2F2699A75E00AC55B1 /* XCRemoteSwiftPackageReference "swift-log" */ = {
			isa = XCRemoteSwiftPackageReference;
			repositoryURL = "https://github.com/apple/swift-log.git";
			requirement = {
				kind = upToNextMajorVersion;
				minimumVersion = 1.0.0;
			};
		};
		24A43EF82622E755000A0399 /* XCRemoteSwiftPackageReference "async-http-client" */ = {
			isa = XCRemoteSwiftPackageReference;
			repositoryURL = "https://github.com/swift-server/async-http-client.git";
			requirement = {
				kind = upToNextMajorVersion;
				minimumVersion = 1.2.5;
			};
		};
		24A43EFF2622E77C000A0399 /* XCRemoteSwiftPackageReference "KeychainStored" */ = {
			isa = XCRemoteSwiftPackageReference;
			repositoryURL = "https://github.com/joannis/KeychainStored.git";
			requirement = {
				kind = upToNextMajorVersion;
				minimumVersion = 1.0.0;
			};
		};
		24A43F032622E794000A0399 /* XCRemoteSwiftPackageReference "swiftui-router" */ = {
			isa = XCRemoteSwiftPackageReference;
			repositoryURL = "https://github.com/joannis/swiftui-router.git";
			requirement = {
				branch = "jo-detail-router";
				kind = branch;
			};
		};
		24A43F112622E885000A0399 /* XCRemoteSwiftPackageReference "jwt-kit" */ = {
			isa = XCRemoteSwiftPackageReference;
			repositoryURL = "https://github.com/vapor/jwt-kit.git";
			requirement = {
				kind = upToNextMajorVersion;
				minimumVersion = 4.2.2;
			};
		};
		24E38F74266F9A3A00A3B43B /* XCRemoteSwiftPackageReference "fluent-sqlite" */ = {
			isa = XCRemoteSwiftPackageReference;
			repositoryURL = "https://github.com/vapor/fluent-sqlite.git";
			requirement = {
				kind = upToNextMajorVersion;
				minimumVersion = 4.0.0;
			};
		};
		24E38F83266FA29A00A3B43B /* XCRemoteSwiftPackageReference "swift-nio" */ = {
			isa = XCRemoteSwiftPackageReference;
			repositoryURL = "https://github.com/apple/swift-nio.git";
			requirement = {
				kind = upToNextMajorVersion;
				minimumVersion = 2.0.0;
			};
		};
/* End XCRemoteSwiftPackageReference section */

/* Begin XCSwiftPackageProductDependency section */
		244576DE26737264006B8E56 /* SwiftUIX */ = {
			isa = XCSwiftPackageProductDependency;
			package = 244576DD26737264006B8E56 /* XCRemoteSwiftPackageReference "swiftuix" */;
			productName = SwiftUIX;
		};
		247672DA26EC1C6A00274AC5 /* CypherMessaging */ = {
			isa = XCSwiftPackageProductDependency;
			package = 247672D926EC1C6A00274AC5 /* XCRemoteSwiftPackageReference "cyphertextkit" */;
			productName = CypherMessaging;
		};
		247672DC26EC1C6A00274AC5 /* MessagingHelpers */ = {
			isa = XCSwiftPackageProductDependency;
			package = 247672D926EC1C6A00274AC5 /* XCRemoteSwiftPackageReference "cyphertextkit" */;
			productName = MessagingHelpers;
		};
		247672DE26ECECB800274AC5 /* CypherMessaging */ = {
			isa = XCSwiftPackageProductDependency;
			package = 247672D926EC1C6A00274AC5 /* XCRemoteSwiftPackageReference "cyphertextkit" */;
			productName = CypherMessaging;
		};
		247672E026ECECB800274AC5 /* MessagingHelpers */ = {
			isa = XCSwiftPackageProductDependency;
			package = 247672D926EC1C6A00274AC5 /* XCRemoteSwiftPackageReference "cyphertextkit" */;
			productName = MessagingHelpers;
		};
		248481A32680AB91008A88AF /* SwiftUIX */ = {
			isa = XCSwiftPackageProductDependency;
			package = 244576DD26737264006B8E56 /* XCRemoteSwiftPackageReference "swiftuix" */;
			productName = SwiftUIX;
		};
		248481A52680ABA9008A88AF /* FluentSQLiteDriver */ = {
			isa = XCSwiftPackageProductDependency;
			package = 24E38F74266F9A3A00A3B43B /* XCRemoteSwiftPackageReference "fluent-sqlite" */;
			productName = FluentSQLiteDriver;
		};
		248481B12680AC55008A88AF /* KeychainStored */ = {
			isa = XCSwiftPackageProductDependency;
			package = 24A43EFF2622E77C000A0399 /* XCRemoteSwiftPackageReference "KeychainStored" */;
			productName = KeychainStored;
		};
		24951F282699A4BA00AC55B1 /* WebRTC */ = {
			isa = XCSwiftPackageProductDependency;
			package = 24951F272699A4BA00AC55B1 /* XCRemoteSwiftPackageReference "WebRTC" */;
			productName = WebRTC;
		};
		24951F2A2699A4C900AC55B1 /* WebRTC */ = {
			isa = XCSwiftPackageProductDependency;
			package = 24951F272699A4BA00AC55B1 /* XCRemoteSwiftPackageReference "WebRTC" */;
			productName = WebRTC;
		};
		24951F302699A75E00AC55B1 /* Logging */ = {
			isa = XCSwiftPackageProductDependency;
			package = 24951F2F2699A75E00AC55B1 /* XCRemoteSwiftPackageReference "swift-log" */;
			productName = Logging;
		};
		24E38F77266FA27A00A3B43B /* AsyncHTTPClient */ = {
			isa = XCSwiftPackageProductDependency;
			package = 24A43EF82622E755000A0399 /* XCRemoteSwiftPackageReference "async-http-client" */;
			productName = AsyncHTTPClient;
		};
		24E38F79266FA27A00A3B43B /* KeychainStored */ = {
			isa = XCSwiftPackageProductDependency;
			package = 24A43EFF2622E77C000A0399 /* XCRemoteSwiftPackageReference "KeychainStored" */;
			productName = KeychainStored;
		};
		24E38F7B266FA27A00A3B43B /* Router */ = {
			isa = XCSwiftPackageProductDependency;
			package = 24A43F032622E794000A0399 /* XCRemoteSwiftPackageReference "swiftui-router" */;
			productName = Router;
		};
		24E38F7D266FA27A00A3B43B /* JWTKit */ = {
			isa = XCSwiftPackageProductDependency;
			package = 24A43F112622E885000A0399 /* XCRemoteSwiftPackageReference "jwt-kit" */;
			productName = JWTKit;
		};
		24E38F7F266FA27A00A3B43B /* WebSocketKit */ = {
			isa = XCSwiftPackageProductDependency;
			package = 2443C9E9262C92550069680D /* XCRemoteSwiftPackageReference "websocket-kit" */;
			productName = WebSocketKit;
		};
		24E38F81266FA27A00A3B43B /* FluentSQLiteDriver */ = {
			isa = XCSwiftPackageProductDependency;
			package = 24E38F74266F9A3A00A3B43B /* XCRemoteSwiftPackageReference "fluent-sqlite" */;
			productName = FluentSQLiteDriver;
		};
		24E38F8F266FA2CD00A3B43B /* KeychainStored */ = {
			isa = XCSwiftPackageProductDependency;
			package = 24A43EFF2622E77C000A0399 /* XCRemoteSwiftPackageReference "KeychainStored" */;
			productName = KeychainStored;
		};
		24E38F91266FA2CD00A3B43B /* Router */ = {
			isa = XCSwiftPackageProductDependency;
			package = 24A43F032622E794000A0399 /* XCRemoteSwiftPackageReference "swiftui-router" */;
			productName = Router;
		};
		24E38F93266FA2CD00A3B43B /* JWTKit */ = {
			isa = XCSwiftPackageProductDependency;
			package = 24A43F112622E885000A0399 /* XCRemoteSwiftPackageReference "jwt-kit" */;
			productName = JWTKit;
		};
		24E38F95266FA2CD00A3B43B /* WebSocketKit */ = {
			isa = XCSwiftPackageProductDependency;
			package = 2443C9E9262C92550069680D /* XCRemoteSwiftPackageReference "websocket-kit" */;
			productName = WebSocketKit;
		};
		24E38F97266FA2CD00A3B43B /* FluentSQLiteDriver */ = {
			isa = XCSwiftPackageProductDependency;
			package = 24E38F74266F9A3A00A3B43B /* XCRemoteSwiftPackageReference "fluent-sqlite" */;
			productName = FluentSQLiteDriver;
		};
/* End XCSwiftPackageProductDependency section */
	};
	rootObject = 24A43ECD2622614F000A0399 /* Project object */;
}
